{
  "name": "script",
  "version": "1.0.0",
  "lockfileVersion": 3,
  "requires": true,
  "packages": {
    "": {
      "name": "script",
      "version": "1.0.0",
      "license": "ISC",
      "dependencies": {
        "rgbaster": "^2.1.1"
      }
    },
    "node_modules/rgbaster": {
      "version": "2.1.1",
      "resolved": "https://registry.npmjs.org/rgbaster/-/rgbaster-2.1.1.tgz",
      "integrity": "sha512-vUQI+ldMMSGXEbWtqb/6aqLY1LHc33OtXg2Q9S0TCxzt2KxGncRJB6dk860KzhWTjms+Fz4wkxrJu8MlCrFpYg=="
    }
  }
}
